// !$*UTF8*$!
{
	archiveVersion = 1;
	classes = {
	};
	objectVersion = 77;
	objects = {

/* Begin PBXBuildFile section */
		0B15706CEE2B5463CB803F61 /* PianoView.swift in Sources */ = {isa = PBXBuildFile; fileRef = 65B4A58452A757CEB9404849 /* PianoView.swift */; };
		3B759AB4CFB1A94749592B54 /* PianoApp.swift in Sources */ = {isa = PBXBuildFile; fileRef = 62E2FFB256AFB4EB19129A93 /* PianoApp.swift */; };
		537685112A54AD51BD393E80 /* PianoViewModel.swift in Sources */ = {isa = PBXBuildFile; fileRef = F6FFA2AE2C803C99EF7F4CF4 /* PianoViewModel.swift */; };
		798896CD2FAF6F4F006EC547 /* SamplerAudioEngine 2.swift in Sources */ = {isa = PBXBuildFile; fileRef = 798896CC2FAF6F4F006EC547 /* SamplerAudioEngine 2.swift */; };
		79DA514E46683AE275A60102 /* PianoAudioProtocol.swift in Sources */ = {isa = PBXBuildFile; fileRef = FCE73E660519319B2B9062E7 /* PianoAudioProtocol.swift */; };
		A37668B4AAE4919829F4732D /* SineAudioEngine.swift in Sources */ = {isa = PBXBuildFile; fileRef = 8F002B5089588938A7DF0BAA /* SineAudioEngine.swift */; };
		AD11AAAA11AAAA11AAAA1101 /* VelocityDetector.swift in Sources */ = {isa = PBXBuildFile; fileRef = AD11AAAA11AAAA11AAAA1100 /* VelocityDetector.swift */; };
		BE22BBBB22BBBB22BBBB2201 /* HapticEngine.swift in Sources */ = {isa = PBXBuildFile; fileRef = BE22BBBB22BBBB22BBBB2200 /* HapticEngine.swift */; };
		A9B3C7D1E5F2A0B1C2D3E4F5 /* GeneralUser_GS.sf2 in Resources */ = {isa = PBXBuildFile; fileRef = B8C4D2E6F3A8B0C1D2E3F4A5 /* GeneralUser_GS.sf2 */; };
		B3192BD83F3E04934F783678 /* TouchOverlayView.swift in Sources */ = {isa = PBXBuildFile; fileRef = 9EB88A11DF1D88BB77CB48F0 /* TouchOverlayView.swift */; };
		BFB6A329350569B8A140661A /* PadView.swift in Sources */ = {isa = PBXBuildFile; fileRef = D9C01E27415DFB577E66089A /* PadView.swift */; };
		CB6540D7E1F8D0196F62D540 /* Pad.swift in Sources */ = {isa = PBXBuildFile; fileRef = F5B4B2B0C609B47D04DBB2B5 /* Pad.swift */; };
/* End PBXBuildFile section */

/* Begin PBXFileReference section */
		186DFDCF8B9E9349878A4238 /* Piano.app */ = {isa = PBXFileReference; explicitFileType = wrapper.application; includeInIndex = 0; path = Piano.app; sourceTree = BUILT_PRODUCTS_DIR; };
		B8C4D2E6F3A8B0C1D2E3F4A5 /* GeneralUser_GS.sf2 */ = {isa = PBXFileReference; lastKnownFileType = file; name = GeneralUser_GS.sf2; path = Resources/GeneralUser_GS.sf2; sourceTree = SOURCE_ROOT; };
		48DC15FF7B7E05A174970994 /* Info.plist */ = {isa = PBXFileReference; lastKnownFileType = text.plist; path = Info.plist; sourceTree = "<group>"; };
		62E2FFB256AFB4EB19129A93 /* PianoApp.swift */ = {isa = PBXFileReference; lastKnownFileType = sourcecode.swift; path = PianoApp.swift; sourceTree = "<group>"; };
		65B4A58452A757CEB9404849 /* PianoView.swift */ = {isa = PBXFileReference; lastKnownFileType = sourcecode.swift; path = PianoView.swift; sourceTree = "<group>"; };
		798896CC2FAF6F4F006EC547 /* SamplerAudioEngine 2.swift */ = {isa = PBXFileReference; lastKnownFileType = sourcecode.swift; path = "SamplerAudioEngine 2.swift"; sourceTree = "<group>"; };
		8F002B5089588938A7DF0BAA /* SineAudioEngine.swift */ = {isa = PBXFileReference; lastKnownFileType = sourcecode.swift; path = SineAudioEngine.swift; sourceTree = "<group>"; };
		AD11AAAA11AAAA11AAAA1100 /* VelocityDetector.swift */ = {isa = PBXFileReference; lastKnownFileType = sourcecode.swift; path = VelocityDetector.swift; sourceTree = "<group>"; };
		BE22BBBB22BBBB22BBBB2200 /* HapticEngine.swift */ = {isa = PBXFileReference; lastKnownFileType = sourcecode.swift; path = HapticEngine.swift; sourceTree = "<group>"; };
		9EB88A11DF1D88BB77CB48F0 /* TouchOverlayView.swift */ = {isa = PBXFileReference; lastKnownFileType = sourcecode.swift; path = TouchOverlayView.swift; sourceTree = "<group>"; };
		D9C01E27415DFB577E66089A /* PadView.swift */ = {isa = PBXFileReference; lastKnownFileType = sourcecode.swift; path = PadView.swift; sourceTree = "<group>"; };
		F5B4B2B0C609B47D04DBB2B5 /* Pad.swift */ = {isa = PBXFileReference; lastKnownFileType = sourcecode.swift; path = Pad.swift; sourceTree = "<group>"; };
		F6FFA2AE2C803C99EF7F4CF4 /* PianoViewModel.swift */ = {isa = PBXFileReference; lastKnownFileType = sourcecode.swift; path = PianoViewModel.swift; sourceTree = "<group>"; };
		FCE73E660519319B2B9062E7 /* PianoAudioProtocol.swift */ = {isa = PBXFileReference; lastKnownFileType = sourcecode.swift; path = PianoAudioProtocol.swift; sourceTree = "<group>"; };
/* End PBXFileReference section */

/* Begin PBXFileSystemSynchronizedRootGroup section */
		798896CF2FAF6FD9006EC547 /* Resources */ = {
			isa = PBXFileSystemSynchronizedRootGroup;
			path = Resources;
			sourceTree = "<group>";
		};
/* End PBXFileSystemSynchronizedRootGroup section */

/* Begin PBXGroup section */
		2FE20D051DE8176A6B8FFF63 /* Services */ = {
			isa = PBXGroup;
			children = (
				798896CC2FAF6F4F006EC547 /* SamplerAudioEngine 2.swift */,
				FCE73E660519319B2B9062E7 /* PianoAudioProtocol.swift */,
				8F002B5089588938A7DF0BAA /* SineAudioEngine.swift */,
				AD11AAAA11AAAA11AAAA1100 /* VelocityDetector.swift */,
				BE22BBBB22BBBB22BBBB2200 /* HapticEngine.swift */,
			);
			path = Services;
			sourceTree = "<group>";
		};
		5A3F900CAC1F2C937020FD83 = {
			isa = PBXGroup;
			children = (
				F71ACB6FA0809E33380EA631 /* Piano */,
				CA1071E00E14A10FF56DCDF8 /* Products */,
				798896CF2FAF6FD9006EC547 /* Resources */,
			);
			sourceTree = "<group>";
		};
		B6AF44C057A55E4CA9DA4936 /* Models */ = {
			isa = PBXGroup;
			children = (
				F5B4B2B0C609B47D04DBB2B5 /* Pad.swift */,
			);
			path = Models;
			sourceTree = "<group>";
		};
		CA1071E00E14A10FF56DCDF8 /* Products */ = {
			isa = PBXGroup;
			children = (
				186DFDCF8B9E9349878A4238 /* Piano.app */,
			);
			name = Products;
			sourceTree = "<group>";
		};
		DBB16CE9D2B4F9ECDA5C9AD5 /* ViewModels */ = {
			isa = PBXGroup;
			children = (
				F6FFA2AE2C803C99EF7F4CF4 /* PianoViewModel.swift */,
			);
			path = ViewModels;
			sourceTree = "<group>";
		};
		EDEA3CDE952999146254D5E6 /* Views */ = {
			isa = PBXGroup;
			children = (
				D9C01E27415DFB577E66089A /* PadView.swift */,
				65B4A58452A757CEB9404849 /* PianoView.swift */,
				9EB88A11DF1D88BB77CB48F0 /* TouchOverlayView.swift */,
			);
			path = Views;
			sourceTree = "<group>";
		};
		F71ACB6FA0809E33380EA631 /* Piano */ = {
			isa = PBXGroup;
			children = (
				48DC15FF7B7E05A174970994 /* Info.plist */,
				62E2FFB256AFB4EB19129A93 /* PianoApp.swift */,
				B6AF44C057A55E4CA9DA4936 /* Models */,
				2FE20D051DE8176A6B8FFF63 /* Services */,
				DBB16CE9D2B4F9ECDA5C9AD5 /* ViewModels */,
				EDEA3CDE952999146254D5E6 /* Views */,
			);
			path = Piano;
			sourceTree = "<group>";
		};
/* End PBXGroup section */

/* Begin PBXNativeTarget section */
		4ADCB20A16B475838F394277 /* Piano */ = {
			isa = PBXNativeTarget;
			buildConfigurationList = 2B8B2764A3D2AF9098878B88 /* Build configuration list for PBXNativeTarget "Piano" */;
			buildPhases = (
				C7D5E3F7A4B7C0D1E2F3A4B5 /* Resources */,
				055C4E659082F8CDCC4817DA /* Sources */,
			);
			buildRules = (
			);
			dependencies = (
			);
			name = Piano;
			packageProductDependencies = (
			);
			productName = Piano;
			productReference = 186DFDCF8B9E9349878A4238 /* Piano.app */;
			productType = "com.apple.product-type.application";
		};
/* End PBXNativeTarget section */

/* Begin PBXProject section */
		0B42B8C8B46426218BAD49A8 /* Project object */ = {
			isa = PBXProject;
			attributes = {
				BuildIndependentTargetsInParallel = YES;
				LastUpgradeCheck = 1600;
			};
			buildConfigurationList = 1417E68B2F9F27F19500F3A8 /* Build configuration list for PBXProject "Piano" */;
			developmentRegion = en;
			hasScannedForEncodings = 0;
			knownRegions = (
				Base,
				en,
			);
			mainGroup = 5A3F900CAC1F2C937020FD83;
			minimizedProjectReferenceProxies = 1;
			preferredProjectObjectVersion = 77;
			productRefGroup = CA1071E00E14A10FF56DCDF8 /* Products */;
			projectDirPath = "";
			projectRoot = "";
			targets = (
				4ADCB20A16B475838F394277 /* Piano */,
			);
		};
/* End PBXProject section */

/* Begin PBXResourcesBuildPhase section */
		C7D5E3F7A4B7C0D1E2F3A4B5 /* Resources */ = {
			isa = PBXResourcesBuildPhase;
			buildActionMask = 2147483647;
			files = (
				A9B3C7D1E5F2A0B1C2D3E4F5 /* GeneralUser_GS.sf2 in Resources */,
			);
			runOnlyForDeploymentPostprocessing = 0;
		};
/* End PBXResourcesBuildPhase section */

/* Begin PBXSourcesBuildPhase section */
		055C4E659082F8CDCC4817DA /* Sources */ = {
			isa = PBXSourcesBuildPhase;
			buildActionMask = 2147483647;
			files = (
				CB6540D7E1F8D0196F62D540 /* Pad.swift in Sources */,
				BFB6A329350569B8A140661A /* PadView.swift in Sources */,
				3B759AB4CFB1A94749592B54 /* PianoApp.swift in Sources */,
				798896CD2FAF6F4F006EC547 /* SamplerAudioEngine 2.swift in Sources */,
				79DA514E46683AE275A60102 /* PianoAudioProtocol.swift in Sources */,
				0B15706CEE2B5463CB803F61 /* PianoView.swift in Sources */,
				537685112A54AD51BD393E80 /* PianoViewModel.swift in Sources */,
				A37668B4AAE4919829F4732D /* SineAudioEngine.swift in Sources */,
				B3192BD83F3E04934F783678 /* TouchOverlayView.swift in Sources */,
				AD11AAAA11AAAA11AAAA1101 /* VelocityDetector.swift in Sources */,
				BE22BBBB22BBBB22BBBB2201 /* HapticEngine.swift in Sources */,
			);
			runOnlyForDeploymentPostprocessing = 0;
		};
/* End PBXSourcesBuildPhase section */

/* Begin XCBuildConfiguration section */
		1E8B7807DE19777F4BD22C3A /* Release */ = {
			isa = XCBuildConfiguration;
			buildSettings = {
				ALWAYS_SEARCH_USER_PATHS = NO;
				CLANG_ANALYZER_NONNULL = YES;
				CLANG_ANALYZER_NUMBER_OBJECT_CONVERSION = YES_AGGRESSIVE;
				CLANG_CXX_LANGUAGE_STANDARD = "gnu++14";
				CLANG_CXX_LIBRARY = "libc++";
				CLANG_ENABLE_MODULES = YES;
				CLANG_ENABLE_OBJC_ARC = YES;
				CLANG_ENABLE_OBJC_WEAK = YES;
				CLANG_WARN_BLOCK_CAPTURE_AUTORELEASING = YES;
				CLANG_WARN_BOOL_CONVERSION = YES;
				CLANG_WARN_COMMA = YES;
				CLANG_WARN_CONSTANT_CONVERSION = YES;
				CLANG_WARN_DEPRECATED_OBJC_IMPLEMENTATIONS = YES;
				CLANG_WARN_DIRECT_OBJC_ISA_USAGE = YES_ERROR;
				CLANG_WARN_DOCUMENTATION_COMMENTS = YES;
				CLANG_WARN_EMPTY_BODY = YES;
				CLANG_WARN_ENUM_CONVERSION = YES;
				CLANG_WARN_INFINITE_RECURSION = YES;
				CLANG_WARN_INT_CONVERSION = YES;
				CLANG_WARN_NON_LITERAL_NULL_CONVERSION = YES;
				CLANG_WARN_OBJC_IMPLICIT_RETAIN_SELF = YES;
				CLANG_WARN_OBJC_LITERAL_CONVERSION = YES;
				CLANG_WARN_OBJC_ROOT_CLASS = YES_ERROR;
				CLANG_WARN_QUOTED_INCLUDE_IN_FRAMEWORK_HEADER = YES;
				CLANG_WARN_RANGE_LOOP_ANALYSIS = YES;
				CLANG_WARN_STRICT_PROTOTYPES = YES;
				CLANG_WARN_SUSPICIOUS_MOVE = YES;
				CLANG_WARN_UNGUARDED_AVAILABILITY = YES_AGGRESSIVE;
				CLANG_WARN_UNREACHABLE_CODE = YES;
				CLANG_WARN__DUPLICATE_METHOD_MATCH = YES;
				COPY_PHASE_STRIP = NO;
				DEBUG_INFORMATION_FORMAT = "dwarf-with-dsym";
				ENABLE_NS_ASSERTIONS = NO;
				ENABLE_STRICT_OBJC_MSGSEND = YES;
				GCC_C_LANGUAGE_STANDARD = gnu11;
				GCC_NO_COMMON_BLOCKS = YES;
				GCC_WARN_64_TO_32_BIT_CONVERSION = YES;
				GCC_WARN_ABOUT_RETURN_TYPE = YES_ERROR;
				GCC_WARN_UNDECLARED_SELECTOR = YES;
				GCC_WARN_UNINITIALIZED_AUTOS = YES_AGGRESSIVE;
				GCC_WARN_UNUSED_FUNCTION = YES;
				GCC_WARN_UNUSED_VARIABLE = YES;
				IPHONEOS_DEPLOYMENT_TARGET = 16.0;
				MTL_ENABLE_DEBUG_INFO = NO;
				MTL_FAST_MATH = YES;
				PRODUCT_NAME = "$(TARGET_NAME)";
				SDKROOT = iphoneos;
				SWIFT_COMPILATION_MODE = wholemodule;
				SWIFT_OPTIMIZATION_LEVEL = "-O";
				SWIFT_VERSION = 5.9;
				TARGETED_DEVICE_FAMILY = 1;
			};
			name = Release;
		};
		3FE5A83ADAFE60B14FEE4063 /* Debug */ = {
			isa = XCBuildConfiguration;
			buildSettings = {
				ASSETCATALOG_COMPILER_APPICON_NAME = AppIcon;
				CODE_SIGN_IDENTITY = "iPhone Developer";
				DEVELOPMENT_TEAM = TFFVHWZ4UN;
				INFOPLIST_FILE = Piano/Info.plist;
				IPHONEOS_DEPLOYMENT_TARGET = 16.0;
				LD_RUNPATH_SEARCH_PATHS = (
					"$(inherited)",
					"@executable_path/Frameworks",
				);
				PRODUCT_BUNDLE_IDENTIFIER = com.chinghssu.piano;
				SDKROOT = iphoneos;
				TARGETED_DEVICE_FAMILY = "1,2";
			};
			name = Debug;
		};
		99EFAF0659866E8C98121555 /* Release */ = {
			isa = XCBuildConfiguration;
			buildSettings = {
				ASSETCATALOG_COMPILER_APPICON_NAME = AppIcon;
				CODE_SIGN_IDENTITY = "iPhone Developer";
				DEVELOPMENT_TEAM = TFFVHWZ4UN;
				INFOPLIST_FILE = Piano/Info.plist;
				IPHONEOS_DEPLOYMENT_TARGET = 16.0;
				LD_RUNPATH_SEARCH_PATHS = (
					"$(inherited)",
					"@executable_path/Frameworks",
				);
				PRODUCT_BUNDLE_IDENTIFIER = com.chinghssu.piano;
				SDKROOT = iphoneos;
				TARGETED_DEVICE_FAMILY = "1,2";
			};
			name = Release;
		};
		F1990E57A762DF503A7935BE /* Debug */ = {
			isa = XCBuildConfiguration;
			buildSettings = {
				ALWAYS_SEARCH_USER_PATHS = NO;
				CLANG_ANALYZER_NONNULL = YES;
				CLANG_ANALYZER_NUMBER_OBJECT_CONVERSION = YES_AGGRESSIVE;
				CLANG_CXX_LANGUAGE_STANDARD = "gnu++14";
				CLANG_CXX_LIBRARY = "libc++";
				CLANG_ENABLE_MODULES = YES;
				CLANG_ENABLE_OBJC_ARC = YES;
				CLANG_ENABLE_OBJC_WEAK = YES;
				CLANG_WARN_BLOCK_CAPTURE_AUTORELEASING = YES;
				CLANG_WARN_BOOL_CONVERSION = YES;
				CLANG_WARN_COMMA = YES;
				CLANG_WARN_CONSTANT_CONVERSION = YES;
				CLANG_WARN_DEPRECATED_OBJC_IMPLEMENTATIONS = YES;
				CLANG_WARN_DIRECT_OBJC_ISA_USAGE = YES_ERROR;
				CLANG_WARN_DOCUMENTATION_COMMENTS = YES;
				CLANG_WARN_EMPTY_BODY = YES;
				CLANG_WARN_ENUM_CONVERSION = YES;
				CLANG_WARN_INFINITE_RECURSION = YES;
				CLANG_WARN_INT_CONVERSION = YES;
				CLANG_WARN_NON_LITERAL_NULL_CONVERSION = YES;
				CLANG_WARN_OBJC_IMPLICIT_RETAIN_SELF = YES;
				CLANG_WARN_OBJC_LITERAL_CONVERSION = YES;
				CLANG_WARN_OBJC_ROOT_CLASS = YES_ERROR;
				CLANG_WARN_QUOTED_INCLUDE_IN_FRAMEWORK_HEADER = YES;
				CLANG_WARN_RANGE_LOOP_ANALYSIS = YES;
				CLANG_WARN_STRICT_PROTOTYPES = YES;
				CLANG_WARN_SUSPICIOUS_MOVE = YES;
				CLANG_WARN_UNGUARDED_AVAILABILITY = YES_AGGRESSIVE;
				CLANG_WARN_UNREACHABLE_CODE = YES;
				CLANG_WARN__DUPLICATE_METHOD_MATCH = YES;
				COPY_PHASE_STRIP = NO;
				DEBUG_INFORMATION_FORMAT = dwarf;
				ENABLE_STRICT_OBJC_MSGSEND = YES;
				ENABLE_TESTABILITY = YES;
				GCC_C_LANGUAGE_STANDARD = gnu11;
				GCC_DYNAMIC_NO_PIC = NO;
				GCC_NO_COMMON_BLOCKS = YES;
				GCC_OPTIMIZATION_LEVEL = 0;
				GCC_PREPROCESSOR_DEFINITIONS = (
					"$(inherited)",
					"DEBUG=1",
				);
				GCC_WARN_64_TO_32_BIT_CONVERSION = YES;
				GCC_WARN_ABOUT_RETURN_TYPE = YES_ERROR;
				GCC_WARN_UNDECLARED_SELECTOR = YES;
				GCC_WARN_UNINITIALIZED_AUTOS = YES_AGGRESSIVE;
				GCC_WARN_UNUSED_FUNCTION = YES;
				GCC_WARN_UNUSED_VARIABLE = YES;
				IPHONEOS_DEPLOYMENT_TARGET = 16.0;
				MTL_ENABLE_DEBUG_INFO = INCLUDE_SOURCE;
				MTL_FAST_MATH = YES;
				ONLY_ACTIVE_ARCH = YES;
				PRODUCT_NAME = "$(TARGET_NAME)";
				SDKROOT = iphoneos;
				SWIFT_ACTIVE_COMPILATION_CONDITIONS = DEBUG;
				SWIFT_OPTIMIZATION_LEVEL = "-Onone";
				SWIFT_VERSION = 5.9;
				TARGETED_DEVICE_FAMILY = 1;
			};
			name = Debug;
		};
/* End XCBuildConfiguration section */

/* Begin XCConfigurationList section */
		1417E68B2F9F27F19500F3A8 /* Build configuration list for PBXProject "Piano" */ = {
			isa = XCConfigurationList;
			buildConfigurations = (
				F1990E57A762DF503A7935BE /* Debug */,
				1E8B7807DE19777F4BD22C3A /* Release */,
			);
			defaultConfigurationIsVisible = 0;
			defaultConfigurationName = Debug;
		};
		2B8B2764A3D2AF9098878B88 /* Build configuration list for PBXNativeTarget "Piano" */ = {
			isa = XCConfigurationList;
			buildConfigurations = (
				3FE5A83ADAFE60B14FEE4063 /* Debug */,
				99EFAF0659866E8C98121555 /* Release */,
			);
			defaultConfigurationIsVisible = 0;
			defaultConfigurationName = Debug;
		};
/* End XCConfigurationList section */
	};
	rootObject = 0B42B8C8B46426218BAD49A8 /* Project object */;
}
